// !$*UTF8*$!
{
	archiveVersion = 1;
	classes = {
	};
	objectVersion = 46;
	objects = {

/* Begin PBXBuildFile section */
		00541CC71F0EE1F9003F3FD8 /* AppDelegate.swift in Sources */ = {isa = PBXBuildFile; fileRef = 00541CC61F0EE1F9003F3FD8 /* AppDelegate.swift */; };
		00541CCC1F0EE1F9003F3FD8 /* Main.storyboard in Resources */ = {isa = PBXBuildFile; fileRef = 00541CCA1F0EE1F9003F3FD8 /* Main.storyboard */; };
		00541CCF1F0EE1F9003F3FD8 /* TacoPOP.xcdatamodeld in Sources */ = {isa = PBXBuildFile; fileRef = 00541CCD1F0EE1F9003F3FD8 /* TacoPOP.xcdatamodeld */; };
		00541CD11F0EE1F9003F3FD8 /* Assets.xcassets in Resources */ = {isa = PBXBuildFile; fileRef = 00541CD01F0EE1F9003F3FD8 /* Assets.xcassets */; };
		00541CD41F0EE1F9003F3FD8 /* LaunchScreen.storyboard in Resources */ = {isa = PBXBuildFile; fileRef = 00541CD21F0EE1F9003F3FD8 /* LaunchScreen.storyboard */; };
		00541CDF1F0EE1F9003F3FD8 /* TacoPOPTests.swift in Sources */ = {isa = PBXBuildFile; fileRef = 00541CDE1F0EE1F9003F3FD8 /* TacoPOPTests.swift */; };
		00541CEA1F0EE1F9003F3FD8 /* TacoPOPUITests.swift in Sources */ = {isa = PBXBuildFile; fileRef = 00541CE91F0EE1F9003F3FD8 /* TacoPOPUITests.swift */; };
		00541CF81F0EE2C3003F3FD8 /* TacoPOPData.csv in Resources */ = {isa = PBXBuildFile; fileRef = 00541CF71F0EE2C3003F3FD8 /* TacoPOPData.csv */; };
		00541D011F0EEC7F003F3FD8 /* MainVC.swift in Sources */ = {isa = PBXBuildFile; fileRef = 00541D001F0EEC7F003F3FD8 /* MainVC.swift */; };
		00541D031F0EEEF6003F3FD8 /* DropShadow.swift in Sources */ = {isa = PBXBuildFile; fileRef = 00541D021F0EEEF6003F3FD8 /* DropShadow.swift */; };
		00541D051F0EF626003F3FD8 /* HeaderView.swift in Sources */ = {isa = PBXBuildFile; fileRef = 00541D041F0EF626003F3FD8 /* HeaderView.swift */; };
		00CB2FA41F14270E00D019EF /* Taco.swift in Sources */ = {isa = PBXBuildFile; fileRef = 00CB2FA31F14270E00D019EF /* Taco.swift */; };
		00CB2FA61F142B9000D019EF /* DataService.swift in Sources */ = {isa = PBXBuildFile; fileRef = 00CB2FA51F142B9000D019EF /* DataService.swift */; };
		00CB2FA91F14303600D019EF /* TacoCell.swift in Sources */ = {isa = PBXBuildFile; fileRef = 00CB2FA71F14303600D019EF /* TacoCell.swift */; };
		00CB2FAA1F14303600D019EF /* TacoCell.xib in Resources */ = {isa = PBXBuildFile; fileRef = 00CB2FA81F14303600D019EF /* TacoCell.xib */; };
		00CB2FAC1F143FF900D019EF /* ReusableView.swift in Sources */ = {isa = PBXBuildFile; fileRef = 00CB2FAB1F143FF900D019EF /* ReusableView.swift */; };
		00CB2FAE1F14407E00D019EF /* NibLoadableView.swift in Sources */ = {isa = PBXBuildFile; fileRef = 00CB2FAD1F14407E00D019EF /* NibLoadableView.swift */; };
		00CB2FB01F1440F200D019EF /* UICollectionView+Ext.swift in Sources */ = {isa = PBXBuildFile; fileRef = 00CB2FAF1F1440F200D019EF /* UICollectionView+Ext.swift */; };
/* End PBXBuildFile section */

/* Begin PBXContainerItemProxy section */
		00541CDB1F0EE1F9003F3FD8 /* PBXContainerItemProxy */ = {
			isa = PBXContainerItemProxy;
			containerPortal = 00541CBB1F0EE1F9003F3FD8 /* Project object */;
			proxyType = 1;
			remoteGlobalIDString = 00541CC21F0EE1F9003F3FD8;
			remoteInfo = TacoPOP;
		};
		00541CE61F0EE1F9003F3FD8 /* PBXContainerItemProxy */ = {
			isa = PBXContainerItemProxy;
			containerPortal = 00541CBB1F0EE1F9003F3FD8 /* Project object */;
			proxyType = 1;
			remoteGlobalIDString = 00541CC21F0EE1F9003F3FD8;
			remoteInfo = TacoPOP;
		};
/* End PBXContainerItemProxy section */

/* Begin PBXFileReference section */
		00541CC31F0EE1F9003F3FD8 /* TacoPOP.app */ = {isa = PBXFileReference; explicitFileType = wrapper.application; includeInIndex = 0; path = TacoPOP.app; sourceTree = BUILT_PRODUCTS_DIR; };
		00541CC61F0EE1F9003F3FD8 /* AppDelegate.swift */ = {isa = PBXFileReference; lastKnownFileType = sourcecode.swift; path = AppDelegate.swift; sourceTree = "<group>"; };
		00541CCB1F0EE1F9003F3FD8 /* Base */ = {isa = PBXFileReference; lastKnownFileType = file.storyboard; name = Base; path = Base.lproj/Main.storyboard; sourceTree = "<group>"; };
		00541CCE1F0EE1F9003F3FD8 /* TacoPOP.xcdatamodel */ = {isa = PBXFileReference; lastKnownFileType = wrapper.xcdatamodel; path = TacoPOP.xcdatamodel; sourceTree = "<group>"; };
		00541CD01F0EE1F9003F3FD8 /* Assets.xcassets */ = {isa = PBXFileReference; lastKnownFileType = folder.assetcatalog; path = Assets.xcassets; sourceTree = "<group>"; };
		00541CD31F0EE1F9003F3FD8 /* Base */ = {isa = PBXFileReference; lastKnownFileType = file.storyboard; name = Base; path = Base.lproj/LaunchScreen.storyboard; sourceTree = "<group>"; };
		00541CD51F0EE1F9003F3FD8 /* Info.plist */ = {isa = PBXFileReference; lastKnownFileType = text.plist.xml; path = Info.plist; sourceTree = "<group>"; };
		00541CDA1F0EE1F9003F3FD8 /* TacoPOPTests.xctest */ = {isa = PBXFileReference; explicitFileType = wrapper.cfbundle; includeInIndex = 0; path = TacoPOPTests.xctest; sourceTree = BUILT_PRODUCTS_DIR; };
		00541CDE1F0EE1F9003F3FD8 /* TacoPOPTests.swift */ = {isa = PBXFileReference; lastKnownFileType = sourcecode.swift; path = TacoPOPTests.swift; sourceTree = "<group>"; };
		00541CE01F0EE1F9003F3FD8 /* Info.plist */ = {isa = PBXFileReference; lastKnownFileType = text.plist.xml; path = Info.plist; sourceTree = "<group>"; };
		00541CE51F0EE1F9003F3FD8 /* TacoPOPUITests.xctest */ = {isa = PBXFileReference; explicitFileType = wrapper.cfbundle; includeInIndex = 0; path = TacoPOPUITests.xctest; sourceTree = BUILT_PRODUCTS_DIR; };
		00541CE91F0EE1F9003F3FD8 /* TacoPOPUITests.swift */ = {isa = PBXFileReference; lastKnownFileType = sourcecode.swift; path = TacoPOPUITests.swift; sourceTree = "<group>"; };
		00541CEB1F0EE1F9003F3FD8 /* Info.plist */ = {isa = PBXFileReference; lastKnownFileType = text.plist.xml; path = Info.plist; sourceTree = "<group>"; };
		00541CF71F0EE2C3003F3FD8 /* TacoPOPData.csv */ = {isa = PBXFileReference; fileEncoding = 4; lastKnownFileType = text; path = TacoPOPData.csv; sourceTree = "<group>"; };
		00541D001F0EEC7F003F3FD8 /* MainVC.swift */ = {isa = PBXFileReference; fileEncoding = 4; lastKnownFileType = sourcecode.swift; path = MainVC.swift; sourceTree = "<group>"; };
		00541D021F0EEEF6003F3FD8 /* DropShadow.swift */ = {isa = PBXFileReference; fileEncoding = 4; lastKnownFileType = sourcecode.swift; path = DropShadow.swift; sourceTree = "<group>"; };
		00541D041F0EF626003F3FD8 /* HeaderView.swift */ = {isa = PBXFileReference; fileEncoding = 4; lastKnownFileType = sourcecode.swift; path = HeaderView.swift; sourceTree = "<group>"; };
		00CB2FA31F14270E00D019EF /* Taco.swift */ = {isa = PBXFileReference; fileEncoding = 4; lastKnownFileType = sourcecode.swift; path = Taco.swift; sourceTree = "<group>"; };
		00CB2FA51F142B9000D019EF /* DataService.swift */ = {isa = PBXFileReference; fileEncoding = 4; lastKnownFileType = sourcecode.swift; path = DataService.swift; sourceTree = "<group>"; };
		00CB2FA71F14303600D019EF /* TacoCell.swift */ = {isa = PBXFileReference; fileEncoding = 4; lastKnownFileType = sourcecode.swift; path = TacoCell.swift; sourceTree = "<group>"; };
		00CB2FA81F14303600D019EF /* TacoCell.xib */ = {isa = PBXFileReference; fileEncoding = 4; lastKnownFileType = file.xib; path = TacoCell.xib; sourceTree = "<group>"; };
		00CB2FAB1F143FF900D019EF /* ReusableView.swift */ = {isa = PBXFileReference; fileEncoding = 4; lastKnownFileType = sourcecode.swift; path = ReusableView.swift; sourceTree = "<group>"; };
		00CB2FAD1F14407E00D019EF /* NibLoadableView.swift */ = {isa = PBXFileReference; fileEncoding = 4; lastKnownFileType = sourcecode.swift; path = NibLoadableView.swift; sourceTree = "<group>"; };
		00CB2FAF1F1440F200D019EF /* UICollectionView+Ext.swift */ = {isa = PBXFileReference; fileEncoding = 4; lastKnownFileType = sourcecode.swift; path = "UICollectionView+Ext.swift"; sourceTree = "<group>"; };
/* End PBXFileReference section */

/* Begin PBXFrameworksBuildPhase section */
		00541CC01F0EE1F9003F3FD8 /* Frameworks */ = {
			isa = PBXFrameworksBuildPhase;
			buildActionMask = 2147483647;
			files = (
			);
			runOnlyForDeploymentPostprocessing = 0;
		};
		00541CD71F0EE1F9003F3FD8 /* Frameworks */ = {
			isa = PBXFrameworksBuildPhase;
			buildActionMask = 2147483647;
			files = (
			);
			runOnlyForDeploymentPostprocessing = 0;
		};
		00541CE21F0EE1F9003F3FD8 /* Frameworks */ = {
			isa = PBXFrameworksBuildPhase;
			buildActionMask = 2147483647;
			files = (
			);
			runOnlyForDeploymentPostprocessing = 0;
		};
/* End PBXFrameworksBuildPhase section */

/* Begin PBXGroup section */
		00541CBA1F0EE1F9003F3FD8 = {
			isa = PBXGroup;
			children = (
				00541CC51F0EE1F9003F3FD8 /* TacoPOP */,
				00541CDD1F0EE1F9003F3FD8 /* TacoPOPTests */,
				00541CE81F0EE1F9003F3FD8 /* TacoPOPUITests */,
				00541CC41F0EE1F9003F3FD8 /* Products */,
			);
			sourceTree = "<group>";
		};
		00541CC41F0EE1F9003F3FD8 /* Products */ = {
			isa = PBXGroup;
			children = (
				00541CC31F0EE1F9003F3FD8 /* TacoPOP.app */,
				00541CDA1F0EE1F9003F3FD8 /* TacoPOPTests.xctest */,
				00541CE51F0EE1F9003F3FD8 /* TacoPOPUITests.xctest */,
			);
			name = Products;
			sourceTree = "<group>";
		};
		00541CC51F0EE1F9003F3FD8 /* TacoPOP */ = {
			isa = PBXGroup;
			children = (
				00541CFF1F0EE9D8003F3FD8 /* Resources */,
				00541CFE1F0EE913003F3FD8 /* Extensions */,
				00541CFC1F0EE905003F3FD8 /* Protocols */,
				00541CFB1F0EE2D7003F3FD8 /* Model */,
				00541CFA1F0EE2D3003F3FD8 /* View */,
				00541CF91F0EE2CB003F3FD8 /* Controller */,
				00541CCD1F0EE1F9003F3FD8 /* TacoPOP.xcdatamodeld */,
			);
			path = TacoPOP;
			sourceTree = "<group>";
		};
		00541CDD1F0EE1F9003F3FD8 /* TacoPOPTests */ = {
			isa = PBXGroup;
			children = (
				00541CDE1F0EE1F9003F3FD8 /* TacoPOPTests.swift */,
				00541CE01F0EE1F9003F3FD8 /* Info.plist */,
			);
			path = TacoPOPTests;
			sourceTree = "<group>";
		};
		00541CE81F0EE1F9003F3FD8 /* TacoPOPUITests */ = {
			isa = PBXGroup;
			children = (
				00541CE91F0EE1F9003F3FD8 /* TacoPOPUITests.swift */,
				00541CEB1F0EE1F9003F3FD8 /* Info.plist */,
			);
			path = TacoPOPUITests;
			sourceTree = "<group>";
		};
		00541CF91F0EE2CB003F3FD8 /* Controller */ = {
			isa = PBXGroup;
			children = (
				00541CC61F0EE1F9003F3FD8 /* AppDelegate.swift */,
				00541D001F0EEC7F003F3FD8 /* MainVC.swift */,
			);
			name = Controller;
			sourceTree = "<group>";
		};
		00541CFA1F0EE2D3003F3FD8 /* View */ = {
			isa = PBXGroup;
			children = (
				00541CD21F0EE1F9003F3FD8 /* LaunchScreen.storyboard */,
				00541CCA1F0EE1F9003F3FD8 /* Main.storyboard */,
				00541D041F0EF626003F3FD8 /* HeaderView.swift */,
				00CB2FA71F14303600D019EF /* TacoCell.swift */,
				00CB2FA81F14303600D019EF /* TacoCell.xib */,
			);
			name = View;
			sourceTree = "<group>";
		};
		00541CFB1F0EE2D7003F3FD8 /* Model */ = {
			isa = PBXGroup;
			children = (
				00CB2FA31F14270E00D019EF /* Taco.swift */,
				00CB2FA51F142B9000D019EF /* DataService.swift */,
			);
			name = Model;
			sourceTree = "<group>";
		};
		00541CFC1F0EE905003F3FD8 /* Protocols */ = {
			isa = PBXGroup;
			children = (
				00541D021F0EEEF6003F3FD8 /* DropShadow.swift */,
				00CB2FAB1F143FF900D019EF /* ReusableView.swift */,
				00CB2FAD1F14407E00D019EF /* NibLoadableView.swift */,
			);
			name = Protocols;
			sourceTree = "<group>";
		};
		00541CFE1F0EE913003F3FD8 /* Extensions */ = {
			isa = PBXGroup;
			children = (
				00CB2FAF1F1440F200D019EF /* UICollectionView+Ext.swift */,
			);
			name = Extensions;
			sourceTree = "<group>";
		};
		00541CFF1F0EE9D8003F3FD8 /* Resources */ = {
			isa = PBXGroup;
			children = (
				00541CF71F0EE2C3003F3FD8 /* TacoPOPData.csv */,
				00541CD51F0EE1F9003F3FD8 /* Info.plist */,
				00541CD01F0EE1F9003F3FD8 /* Assets.xcassets */,
			);
			name = Resources;
			sourceTree = "<group>";
		};
/* End PBXGroup section */

/* Begin PBXNativeTarget section */
		00541CC21F0EE1F9003F3FD8 /* TacoPOP */ = {
			isa = PBXNativeTarget;
			buildConfigurationList = 00541CEE1F0EE1F9003F3FD8 /* Build configuration list for PBXNativeTarget "TacoPOP" */;
			buildPhases = (
				00541CBF1F0EE1F9003F3FD8 /* Sources */,
				00541CC01F0EE1F9003F3FD8 /* Frameworks */,
				00541CC11F0EE1F9003F3FD8 /* Resources */,
			);
			buildRules = (
			);
			dependencies = (
			);
			name = TacoPOP;
			productName = TacoPOP;
			productReference = 00541CC31F0EE1F9003F3FD8 /* TacoPOP.app */;
			productType = "com.apple.product-type.application";
		};
		00541CD91F0EE1F9003F3FD8 /* TacoPOPTests */ = {
			isa = PBXNativeTarget;
			buildConfigurationList = 00541CF11F0EE1F9003F3FD8 /* Build configuration list for PBXNativeTarget "TacoPOPTests" */;
			buildPhases = (
				00541CD61F0EE1F9003F3FD8 /* Sources */,
				00541CD71F0EE1F9003F3FD8 /* Frameworks */,
				00541CD81F0EE1F9003F3FD8 /* Resources */,
			);
			buildRules = (
			);
			dependencies = (
				00541CDC1F0EE1F9003F3FD8 /* PBXTargetDependency */,
			);
			name = TacoPOPTests;
			productName = TacoPOPTests;
			productReference = 00541CDA1F0EE1F9003F3FD8 /* TacoPOPTests.xctest */;
			productType = "com.apple.product-type.bundle.unit-test";
		};
		00541CE41F0EE1F9003F3FD8 /* TacoPOPUITests */ = {
			isa = PBXNativeTarget;
			buildConfigurationList = 00541CF41F0EE1F9003F3FD8 /* Build configuration list for PBXNativeTarget "TacoPOPUITests" */;
			buildPhases = (
				00541CE11F0EE1F9003F3FD8 /* Sources */,
				00541CE21F0EE1F9003F3FD8 /* Frameworks */,
				00541CE31F0EE1F9003F3FD8 /* Resources */,
			);
			buildRules = (
			);
			dependencies = (
				00541CE71F0EE1F9003F3FD8 /* PBXTargetDependency */,
			);
			name = TacoPOPUITests;
			productName = TacoPOPUITests;
			productReference = 00541CE51F0EE1F9003F3FD8 /* TacoPOPUITests.xctest */;
			productType = "com.apple.product-type.bundle.ui-testing";
		};
/* End PBXNativeTarget section */

/* Begin PBXProject section */
		00541CBB1F0EE1F9003F3FD8 /* Project object */ = {
			isa = PBXProject;
			attributes = {
				LastSwiftUpdateCheck = 0830;
				LastUpgradeCheck = 0830;
				ORGANIZATIONNAME = "Chihkao Yu";
				TargetAttributes = {
					00541CC21F0EE1F9003F3FD8 = {
						CreatedOnToolsVersion = 8.3.3;
						DevelopmentTeam = 7XUE4QVEE6;
						ProvisioningStyle = Automatic;
					};
					00541CD91F0EE1F9003F3FD8 = {
						CreatedOnToolsVersion = 8.3.3;
						DevelopmentTeam = 7XUE4QVEE6;
						ProvisioningStyle = Automatic;
						TestTargetID = 00541CC21F0EE1F9003F3FD8;
					};
					00541CE41F0EE1F9003F3FD8 = {
						CreatedOnToolsVersion = 8.3.3;
						DevelopmentTeam = 7XUE4QVEE6;
						ProvisioningStyle = Automatic;
						TestTargetID = 00541CC21F0EE1F9003F3FD8;
					};
				};
			};
			buildConfigurationList = 00541CBE1F0EE1F9003F3FD8 /* Build configuration list for PBXProject "TacoPOP" */;
			compatibilityVersion = "Xcode 3.2";
			developmentRegion = English;
			hasScannedForEncodings = 0;
			knownRegions = (
				en,
				Base,
			);
			mainGroup = 00541CBA1F0EE1F9003F3FD8;
			productRefGroup = 00541CC41F0EE1F9003F3FD8 /* Products */;
			projectDirPath = "";
			projectRoot = "";
			targets = (
				00541CC21F0EE1F9003F3FD8 /* TacoPOP */,
				00541CD91F0EE1F9003F3FD8 /* TacoPOPTests */,
				00541CE41F0EE1F9003F3FD8 /* TacoPOPUITests */,
			);
		};
/* End PBXProject section */

/* Begin PBXResourcesBuildPhase section */
		00541CC11F0EE1F9003F3FD8 /* Resources */ = {
			isa = PBXResourcesBuildPhase;
			buildActionMask = 2147483647;
			files = (
				00541CD41F0EE1F9003F3FD8 /* LaunchScreen.storyboard in Resources */,
				00541CF81F0EE2C3003F3FD8 /* TacoPOPData.csv in Resources */,
				00541CD11F0EE1F9003F3FD8 /* Assets.xcassets in Resources */,
				00541CCC1F0EE1F9003F3FD8 /* Main.storyboard in Resources */,
				00CB2FAA1F14303600D019EF /* TacoCell.xib in Resources */,
			);
			runOnlyForDeploymentPostprocessing = 0;
		};
		00541CD81F0EE1F9003F3FD8 /* Resources */ = {
			isa = PBXResourcesBuildPhase;
			buildActionMask = 2147483647;
			files = (
			);
			runOnlyForDeploymentPostprocessing = 0;
		};
		00541CE31F0EE1F9003F3FD8 /* Resources */ = {
			isa = PBXResourcesBuildPhase;
			buildActionMask = 2147483647;
			files = (
			);
			runOnlyForDeploymentPostprocessing = 0;
		};
/* End PBXResourcesBuildPhase section */

/* Begin PBXSourcesBuildPhase section */
		00541CBF1F0EE1F9003F3FD8 /* Sources */ = {
			isa = PBXSourcesBuildPhase;
			buildActionMask = 2147483647;
			files = (
				00CB2FAC1F143FF900D019EF /* ReusableView.swift in Sources */,
				00CB2FA91F14303600D019EF /* TacoCell.swift in Sources */,
				00541D051F0EF626003F3FD8 /* HeaderView.swift in Sources */,
				00CB2FA61F142B9000D019EF /* DataService.swift in Sources */,
				00541CC71F0EE1F9003F3FD8 /* AppDelegate.swift in Sources */,
				00CB2FB01F1440F200D019EF /* UICollectionView+Ext.swift in Sources */,
				00CB2FA41F14270E00D019EF /* Taco.swift in Sources */,
				00CB2FAE1F14407E00D019EF /* NibLoadableView.swift in Sources */,
				00541D011F0EEC7F003F3FD8 /* MainVC.swift in Sources */,
				00541D031F0EEEF6003F3FD8 /* DropShadow.swift in Sources */,
				00541CCF1F0EE1F9003F3FD8 /* TacoPOP.xcdatamodeld in Sources */,
			);
			runOnlyForDeploymentPostprocessing = 0;
		};
		00541CD61F0EE1F9003F3FD8 /* Sources */ = {
			isa = PBXSourcesBuildPhase;
			buildActionMask = 2147483647;
			files = (
				00541CDF1F0EE1F9003F3FD8 /* TacoPOPTests.swift in Sources */,
			);
			runOnlyForDeploymentPostprocessing = 0;
		};
		00541CE11F0EE1F9003F3FD8 /* Sources */ = {
			isa = PBXSourcesBuildPhase;
			buildActionMask = 2147483647;
			files = (
				00541CEA1F0EE1F9003F3FD8 /* TacoPOPUITests.swift in Sources */,
			);
			runOnlyForDeploymentPostprocessing = 0;
		};
/* End PBXSourcesBuildPhase section */

/* Begin PBXTargetDependency section */
		00541CDC1F0EE1F9003F3FD8 /* PBXTargetDependency */ = {
			isa = PBXTargetDependency;
			target = 00541CC21F0EE1F9003F3FD8 /* TacoPOP */;
			targetProxy = 00541CDB1F0EE1F9003F3FD8 /* PBXContainerItemProxy */;
		};
		00541CE71F0EE1F9003F3FD8 /* PBXTargetDependency */ = {
			isa = PBXTargetDependency;
			target = 00541CC21F0EE1F9003F3FD8 /* TacoPOP */;
			targetProxy = 00541CE61F0EE1F9003F3FD8 /* PBXContainerItemProxy */;
		};
/* End PBXTargetDependency section */

/* Begin PBXVariantGroup section */
		00541CCA1F0EE1F9003F3FD8 /* Main.storyboard */ = {
			isa = PBXVariantGroup;
			children = (
				00541CCB1F0EE1F9003F3FD8 /* Base */,
			);
			name = Main.storyboard;
			sourceTree = "<group>";
		};
		00541CD21F0EE1F9003F3FD8 /* LaunchScreen.storyboard */ = {
			isa = PBXVariantGroup;
			children = (
				00541CD31F0EE1F9003F3FD8 /* Base */,
			);
			name = LaunchScreen.storyboard;
			sourceTree = "<group>";
		};
/* End PBXVariantGroup section */

/* Begin XCBuildConfiguration section */
		00541CEC1F0EE1F9003F3FD8 /* Debug */ = {
			isa = XCBuildConfiguration;
			buildSettings = {
				ALWAYS_SEARCH_USER_PATHS = NO;
				CLANG_ANALYZER_NONNULL = YES;
				CLANG_ANALYZER_NUMBER_OBJECT_CONVERSION = YES_AGGRESSIVE;
				CLANG_CXX_LANGUAGE_STANDARD = "gnu++0x";
				CLANG_CXX_LIBRARY = "libc++";
				CLANG_ENABLE_MODULES = YES;
				CLANG_ENABLE_OBJC_ARC = YES;
				CLANG_WARN_BOOL_CONVERSION = YES;
				CLANG_WARN_CONSTANT_CONVERSION = YES;
				CLANG_WARN_DIRECT_OBJC_ISA_USAGE = YES_ERROR;
				CLANG_WARN_DOCUMENTATION_COMMENTS = YES;
				CLANG_WARN_EMPTY_BODY = YES;
				CLANG_WARN_ENUM_CONVERSION = YES;
				CLANG_WARN_INFINITE_RECURSION = YES;
				CLANG_WARN_INT_CONVERSION = YES;
				CLANG_WARN_OBJC_ROOT_CLASS = YES_ERROR;
				CLANG_WARN_SUSPICIOUS_MOVE = YES;
				CLANG_WARN_UNREACHABLE_CODE = YES;
				CLANG_WARN__DUPLICATE_METHOD_MATCH = YES;
				"CODE_SIGN_IDENTITY[sdk=iphoneos*]" = "iPhone Developer";
				COPY_PHASE_STRIP = NO;
				DEBUG_INFORMATION_FORMAT = dwarf;
				ENABLE_STRICT_OBJC_MSGSEND = YES;
				ENABLE_TESTABILITY = YES;
				GCC_C_LANGUAGE_STANDARD = gnu99;
				GCC_DYNAMIC_NO_PIC = NO;
				GCC_NO_COMMON_BLOCKS = YES;
				GCC_OPTIMIZATION_LEVEL = 0;
				GCC_PREPROCESSOR_DEFINITIONS = (
					"DEBUG=1",
					"$(inherited)",
				);
				GCC_WARN_64_TO_32_BIT_CONVERSION = YES;
				GCC_WARN_ABOUT_RETURN_TYPE = YES_ERROR;
				GCC_WARN_UNDECLARED_SELECTOR = YES;
				GCC_WARN_UNINITIALIZED_AUTOS = YES_AGGRESSIVE;
				GCC_WARN_UNUSED_FUNCTION = YES;
				GCC_WARN_UNUSED_VARIABLE = YES;
				IPHONEOS_DEPLOYMENT_TARGET = 10.3;
				MTL_ENABLE_DEBUG_INFO = YES;
				ONLY_ACTIVE_ARCH = YES;
				SDKROOT = iphoneos;
				SWIFT_ACTIVE_COMPILATION_CONDITIONS = DEBUG;
				SWIFT_OPTIMIZATION_LEVEL = "-Onone";
				TARGETED_DEVICE_FAMILY = "1,2";
			};
			name = Debug;
		};
		00541CED1F0EE1F9003F3FD8 /* Release */ = {
			isa = XCBuildConfiguration;
			buildSettings = {
				ALWAYS_SEARCH_USER_PATHS = NO;
				CLANG_ANALYZER_NONNULL = YES;
				CLANG_ANALYZER_NUMBER_OBJECT_CONVERSION = YES_AGGRESSIVE;
				CLANG_CXX_LANGUAGE_STANDARD = "gnu++0x";
				CLANG_CXX_LIBRARY = "libc++";
				CLANG_ENABLE_MODULES = YES;
				CLANG_ENABLE_OBJC_ARC = YES;
				CLANG_WARN_BOOL_CONVERSION = YES;
				CLANG_WARN_CONSTANT_CONVERSION = YES;
				CLANG_WARN_DIRECT_OBJC_ISA_USAGE = YES_ERROR;
				CLANG_WARN_DOCUMENTATION_COMMENTS = YES;
				CLANG_WARN_EMPTY_BODY = YES;
				CLANG_WARN_ENUM_CONVERSION = YES;
				CLANG_WARN_INFINITE_RECURSION = YES;
				CLANG_WARN_INT_CONVERSION = YES;
				CLANG_WARN_OBJC_ROOT_CLASS = YES_ERROR;
				CLANG_WARN_SUSPICIOUS_MOVE = YES;
				CLANG_WARN_UNREACHABLE_CODE = YES;
				CLANG_WARN__DUPLICATE_METHOD_MATCH = YES;
				"CODE_SIGN_IDENTITY[sdk=iphoneos*]" = "iPhone Developer";
				COPY_PHASE_STRIP = NO;
				DEBUG_INFORMATION_FORMAT = "dwarf-with-dsym";
				ENABLE_NS_ASSERTIONS = NO;
				ENABLE_STRICT_OBJC_MSGSEND = YES;
				GCC_C_LANGUAGE_STANDARD = gnu99;
				GCC_NO_COMMON_BLOCKS = YES;
				GCC_WARN_64_TO_32_BIT_CONVERSION = YES;
				GCC_WARN_ABOUT_RETURN_TYPE = YES_ERROR;
				GCC_WARN_UNDECLARED_SELECTOR = YES;
				GCC_WARN_UNINITIALIZED_AUTOS = YES_AGGRESSIVE;
				GCC_WARN_UNUSED_FUNCTION = YES;
				GCC_WARN_UNUSED_VARIABLE = YES;
				IPHONEOS_DEPLOYMENT_TARGET = 10.3;
				MTL_ENABLE_DEBUG_INFO = NO;
				SDKROOT = iphoneos;
				SWIFT_OPTIMIZATION_LEVEL = "-Owholemodule";
				TARGETED_DEVICE_FAMILY = "1,2";
				VALIDATE_PRODUCT = YES;
			};
			name = Release;
		};
		00541CEF1F0EE1F9003F3FD8 /* Debug */ = {
			isa = XCBuildConfiguration;
			buildSettings = {
				ASSETCATALOG_COMPILER_APPICON_NAME = AppIcon;
				DEVELOPMENT_TEAM = 7XUE4QVEE6;
				INFOPLIST_FILE = TacoPOP/Info.plist;
				LD_RUNPATH_SEARCH_PATHS = "$(inherited) @executable_path/Frameworks";
				PRODUCT_BUNDLE_IDENTIFIER = com.ckfamily.TacoPOP;
				PRODUCT_NAME = "$(TARGET_NAME)";
				SWIFT_VERSION = 3.0;
			};
			name = Debug;
		};
		00541CF01F0EE1F9003F3FD8 /* Release */ = {
			isa = XCBuildConfiguration;
			buildSettings = {
				ASSETCATALOG_COMPILER_APPICON_NAME = AppIcon;
				DEVELOPMENT_TEAM = 7XUE4QVEE6;
				INFOPLIST_FILE = TacoPOP/Info.plist;
				LD_RUNPATH_SEARCH_PATHS = "$(inherited) @executable_path/Frameworks";
				PRODUCT_BUNDLE_IDENTIFIER = com.ckfamily.TacoPOP;
				PRODUCT_NAME = "$(TARGET_NAME)";
				SWIFT_VERSION = 3.0;
			};
			name = Release;
		};
		00541CF21F0EE1F9003F3FD8 /* Debug */ = {
			isa = XCBuildConfiguration;
			buildSettings = {
				ALWAYS_EMBED_SWIFT_STANDARD_LIBRARIES = YES;
				BUNDLE_LOADER = "$(TEST_HOST)";
				DEVELOPMENT_TEAM = 7XUE4QVEE6;
				INFOPLIST_FILE = TacoPOPTests/Info.plist;
				LD_RUNPATH_SEARCH_PATHS = "$(inherited) @executable_path/Frameworks @loader_path/Frameworks";
				PRODUCT_BUNDLE_IDENTIFIER = com.ckfamily.TacoPOPTests;
				PRODUCT_NAME = "$(TARGET_NAME)";
				SWIFT_VERSION = 3.0;
				TEST_HOST = "$(BUILT_PRODUCTS_DIR)/TacoPOP.app/TacoPOP";
			};
			name = Debug;
		};
		00541CF31F0EE1F9003F3FD8 /* Release */ = {
			isa = XCBuildConfiguration;
			buildSettings = {
				ALWAYS_EMBED_SWIFT_STANDARD_LIBRARIES = YES;
				BUNDLE_LOADER = "$(TEST_HOST)";
				DEVELOPMENT_TEAM = 7XUE4QVEE6;
				INFOPLIST_FILE = TacoPOPTests/Info.plist;
				LD_RUNPATH_SEARCH_PATHS = "$(inherited) @executable_path/Frameworks @loader_path/Frameworks";
				PRODUCT_BUNDLE_IDENTIFIER = com.ckfamily.TacoPOPTests;
				PRODUCT_NAME = "$(TARGET_NAME)";
				SWIFT_VERSION = 3.0;
				TEST_HOST = "$(BUILT_PRODUCTS_DIR)/TacoPOP.app/TacoPOP";
			};
			name = Release;
		};
		00541CF51F0EE1F9003F3FD8 /* Debug */ = {
			isa = XCBuildConfiguration;
			buildSettings = {
				ALWAYS_EMBED_SWIFT_STANDARD_LIBRARIES = YES;
				DEVELOPMENT_TEAM = 7XUE4QVEE6;
				INFOPLIST_FILE = TacoPOPUITests/Info.plist;
				LD_RUNPATH_SEARCH_PATHS = "$(inherited) @executable_path/Frameworks @loader_path/Frameworks";
				PRODUCT_BUNDLE_IDENTIFIER = com.ckfamily.TacoPOPUITests;
				PRODUCT_NAME = "$(TARGET_NAME)";
				SWIFT_VERSION = 3.0;
				TEST_TARGET_NAME = TacoPOP;
			};
			name = Debug;
		};
		00541CF61F0EE1F9003F3FD8 /* Release */ = {
			isa = XCBuildConfiguration;
			buildSettings = {
				ALWAYS_EMBED_SWIFT_STANDARD_LIBRARIES = YES;
				DEVELOPMENT_TEAM = 7XUE4QVEE6;
				INFOPLIST_FILE = TacoPOPUITests/Info.plist;
				LD_RUNPATH_SEARCH_PATHS = "$(inherited) @executable_path/Frameworks @loader_path/Frameworks";
				PRODUCT_BUNDLE_IDENTIFIER = com.ckfamily.TacoPOPUITests;
				PRODUCT_NAME = "$(TARGET_NAME)";
				SWIFT_VERSION = 3.0;
				TEST_TARGET_NAME = TacoPOP;
			};
			name = Release;
		};
/* End XCBuildConfiguration section */

/* Begin XCConfigurationList section */
		00541CBE1F0EE1F9003F3FD8 /* Build configuration list for PBXProject "TacoPOP" */ = {
			isa = XCConfigurationList;
			buildConfigurations = (
				00541CEC1F0EE1F9003F3FD8 /* Debug */,
				00541CED1F0EE1F9003F3FD8 /* Release */,
			);
			defaultConfigurationIsVisible = 0;
			defaultConfigurationName = Release;
		};
		00541CEE1F0EE1F9003F3FD8 /* Build configuration list for PBXNativeTarget "TacoPOP" */ = {
			isa = XCConfigurationList;
			buildConfigurations = (
				00541CEF1F0EE1F9003F3FD8 /* Debug */,
				00541CF01F0EE1F9003F3FD8 /* Release */,
			);
			defaultConfigurationIsVisible = 0;
			defaultConfigurationName = Release;
		};
		00541CF11F0EE1F9003F3FD8 /* Build configuration list for PBXNativeTarget "TacoPOPTests" */ = {
			isa = XCConfigurationList;
			buildConfigurations = (
				00541CF21F0EE1F9003F3FD8 /* Debug */,
				00541CF31F0EE1F9003F3FD8 /* Release */,
			);
			defaultConfigurationIsVisible = 0;
			defaultConfigurationName = Release;
		};
		00541CF41F0EE1F9003F3FD8 /* Build configuration list for PBXNativeTarget "TacoPOPUITests" */ = {
			isa = XCConfigurationList;
			buildConfigurations = (
				00541CF51F0EE1F9003F3FD8 /* Debug */,
				00541CF61F0EE1F9003F3FD8 /* Release */,
			);
			defaultConfigurationIsVisible = 0;
			defaultConfigurationName = Release;
		};
/* End XCConfigurationList section */

/* Begin XCVersionGroup section */
		00541CCD1F0EE1F9003F3FD8 /* TacoPOP.xcdatamodeld */ = {
			isa = XCVersionGroup;
			children = (
				00541CCE1F0EE1F9003F3FD8 /* TacoPOP.xcdatamodel */,
			);
			currentVersion = 00541CCE1F0EE1F9003F3FD8 /* TacoPOP.xcdatamodel */;
			path = TacoPOP.xcdatamodeld;
			sourceTree = "<group>";
			versionGroupType = wrapper.xcdatamodel;
		};
/* End XCVersionGroup section */
	};
	rootObject = 00541CBB1F0EE1F9003F3FD8 /* Project object */;
}
